// !$*UTF8*$!
{
	archiveVersion = 1;
	classes = {
	};
	objectVersion = 46;
	objects = {

/* Begin PBXBuildFile section */
		1D0E2F97121FA54C0086E931 /* UIKit.framework in Frameworks */ = {isa = PBXBuildFile; fileRef = 1D0E2F96121FA54C0086E931 /* UIKit.framework */; };
		1D0E2F99121FA54C0086E931 /* Foundation.framework in Frameworks */ = {isa = PBXBuildFile; fileRef = 1D0E2F98121FA54C0086E931 /* Foundation.framework */; };
		1D0E2F9B121FA54C0086E931 /* CoreGraphics.framework in Frameworks */ = {isa = PBXBuildFile; fileRef = 1D0E2F9A121FA54C0086E931 /* CoreGraphics.framework */; };
		1D0E2FA0121FA54C0086E931 /* InfoPlist.strings in Resources */ = {isa = PBXBuildFile; fileRef = 1D0E2F9E121FA54C0086E931 /* InfoPlist.strings */; };
		1D0E2FA2121FA54C0086E931 /* main.m in Sources */ = {isa = PBXBuildFile; fileRef = 1D0E2FA1121FA54C0086E931 /* main.m */; };
		1D0E2FA5121FA54C0086E931 /* CodePadAppDelegate.m in Sources */ = {isa = PBXBuildFile; fileRef = 1D0E2FA4121FA54C0086E931 /* CodePadAppDelegate.m */; };
		1D0E2FA8121FA54C0086E931 /* MainWindow.xib in Resources */ = {isa = PBXBuildFile; fileRef = 1D0E2FA6121FA54C0086E931 /* MainWindow.xib */; };
		1D0E2FAB121FA54C0086E931 /* DetailViewController.m in Sources */ = {isa = PBXBuildFile; fileRef = 1D0E2FAA121FA54C0086E931 /* DetailViewController.m */; };
		1D0E2FAE121FA54C0086E931 /* DetailView.xib in Resources */ = {isa = PBXBuildFile; fileRef = 1D0E2FAC121FA54C0086E931 /* DetailView.xib */; };
		1D0E2FB1121FA54C0086E931 /* RootViewController.m in Sources */ = {isa = PBXBuildFile; fileRef = 1D0E2FB0121FA54C0086E931 /* RootViewController.m */; };
/* End PBXBuildFile section */

/* Begin PBXFileReference section */
		1D0E2F93121FA54C0086E931 /* CodePad.app */ = {isa = PBXFileReference; explicitFileType = wrapper.application; includeInIndex = 0; path = CodePad.app; sourceTree = BUILT_PRODUCTS_DIR; };
		1D0E2F96121FA54C0086E931 /* UIKit.framework */ = {isa = PBXFileReference; lastKnownFileType = wrapper.framework; name = UIKit.framework; path = System/Library/Frameworks/UIKit.framework; sourceTree = SDKROOT; };
		1D0E2F98121FA54C0086E931 /* Foundation.framework */ = {isa = PBXFileReference; lastKnownFileType = wrapper.framework; name = Foundation.framework; path = System/Library/Frameworks/Foundation.framework; sourceTree = SDKROOT; };
		1D0E2F9A121FA54C0086E931 /* CoreGraphics.framework */ = {isa = PBXFileReference; lastKnownFileType = wrapper.framework; name = CoreGraphics.framework; path = System/Library/Frameworks/CoreGraphics.framework; sourceTree = SDKROOT; };
		1D0E2F9C121FA54C0086E931 /* CodePad-Info.plist */ = {isa = PBXFileReference; lastKnownFileType = text.plist.xml; path = "CodePad-Info.plist"; sourceTree = "<group>"; };
		1D0E2F9D121FA54C0086E931 /* CodePad_Prefix.pch */ = {isa = PBXFileReference; lastKnownFileType = sourcecode.c.h; path = CodePad_Prefix.pch; sourceTree = "<group>"; };
		1D0E2F9F121FA54C0086E931 /* en */ = {isa = PBXFileReference; lastKnownFileType = text.plist.strings; name = en; path = en.lproj/InfoPlist.strings; sourceTree = "<group>"; };
		1D0E2FA1121FA54C0086E931 /* main.m */ = {isa = PBXFileReference; lastKnownFileType = sourcecode.c.objc; path = main.m; sourceTree = "<group>"; };
		1D0E2FA3121FA54C0086E931 /* CodePadAppDelegate.h */ = {isa = PBXFileReference; lastKnownFileType = sourcecode.c.h; path = CodePadAppDelegate.h; sourceTree = "<group>"; };
		1D0E2FA4121FA54C0086E931 /* CodePadAppDelegate.m */ = {isa = PBXFileReference; lastKnownFileType = sourcecode.c.objc; path = CodePadAppDelegate.m; sourceTree = "<group>"; };
		1D0E2FA7121FA54C0086E931 /* en */ = {isa = PBXFileReference; lastKnownFileType = file.xib; name = en; path = en.lproj/MainWindow.xib; sourceTree = "<group>"; };
		1D0E2FA9121FA54C0086E931 /* DetailViewController.h */ = {isa = PBXFileReference; lastKnownFileType = sourcecode.c.h; path = DetailViewController.h; sourceTree = "<group>"; };
		1D0E2FAA121FA54C0086E931 /* DetailViewController.m */ = {isa = PBXFileReference; lastKnownFileType = sourcecode.c.objc; path = DetailViewController.m; sourceTree = "<group>"; };
		1D0E2FAD121FA54C0086E931 /* en */ = {isa = PBXFileReference; lastKnownFileType = file.xib; name = en; path = en.lproj/DetailView.xib; sourceTree = "<group>"; };
		1D0E2FAF121FA54C0086E931 /* RootViewController.h */ = {isa = PBXFileReference; lastKnownFileType = sourcecode.c.h; path = RootViewController.h; sourceTree = "<group>"; };
		1D0E2FB0121FA54C0086E931 /* RootViewController.m */ = {isa = PBXFileReference; lastKnownFileType = sourcecode.c.objc; path = RootViewController.m; sourceTree = "<group>"; };
/* End PBXFileReference section */

/* Begin PBXFrameworksBuildPhase section */
		1D0E2F90121FA54C0086E931 /* Frameworks */ = {
			isa = PBXFrameworksBuildPhase;
			buildActionMask = 2147483647;
			files = (
				1D0E2F97121FA54C0086E931 /* UIKit.framework in Frameworks */,
				1D0E2F99121FA54C0086E931 /* Foundation.framework in Frameworks */,
				1D0E2F9B121FA54C0086E931 /* CoreGraphics.framework in Frameworks */,
			);
			runOnlyForDeploymentPostprocessing = 0;
		};
/* End PBXFrameworksBuildPhase section */

/* Begin PBXGroup section */
		1D0E2F84121FA54A0086E931 = {
			isa = PBXGroup;
			children = (
				1D0E2F8B121FA54B0086E931 /* Classes */,
				1D0E2F8C121FA54C0086E931 /* Other Sources */,
				1D0E2F8D121FA54C0086E931 /* Resources */,
				1D0E2F8E121FA54C0086E931 /* Frameworks */,
				1D0E2F94121FA54C0086E931 /* Products */,
			);
			sourceTree = "<group>";
		};
		1D0E2F8B121FA54B0086E931 /* Classes */ = {
			isa = PBXGroup;
			children = (
				1D0E2FA3121FA54C0086E931 /* CodePadAppDelegate.h */,
				1D0E2FA4121FA54C0086E931 /* CodePadAppDelegate.m */,
				1D0E2FA9121FA54C0086E931 /* DetailViewController.h */,
				1D0E2FAA121FA54C0086E931 /* DetailViewController.m */,
				1D0E2FAF121FA54C0086E931 /* RootViewController.h */,
				1D0E2FB0121FA54C0086E931 /* RootViewController.m */,
			);
			path = Classes;
			sourceTree = "<group>";
		};
		1D0E2F8C121FA54C0086E931 /* Other Sources */ = {
			isa = PBXGroup;
			children = (
				1D0E2F9D121FA54C0086E931 /* CodePad_Prefix.pch */,
				1D0E2FA1121FA54C0086E931 /* main.m */,
			);
			name = "Other Sources";
			sourceTree = "<group>";
		};
		1D0E2F8D121FA54C0086E931 /* Resources */ = {
			isa = PBXGroup;
			children = (
				1D0E2F9C121FA54C0086E931 /* CodePad-Info.plist */,
				1D0E2F9E121FA54C0086E931 /* InfoPlist.strings */,
				1D0E2FA6121FA54C0086E931 /* MainWindow.xib */,
				1D0E2FAC121FA54C0086E931 /* DetailView.xib */,
			);
			name = Resources;
			sourceTree = "<group>";
		};
		1D0E2F8E121FA54C0086E931 /* Frameworks */ = {
			isa = PBXGroup;
			children = (
				1D0E2F96121FA54C0086E931 /* UIKit.framework */,
				1D0E2F98121FA54C0086E931 /* Foundation.framework */,
				1D0E2F9A121FA54C0086E931 /* CoreGraphics.framework */,
			);
			name = Frameworks;
			sourceTree = "<group>";
		};
		1D0E2F94121FA54C0086E931 /* Products */ = {
			isa = PBXGroup;
			children = (
				1D0E2F93121FA54C0086E931 /* CodePad.app */,
			);
			name = Products;
			sourceTree = "<group>";
		};
/* End PBXGroup section */

/* Begin PBXNativeTarget section */
		1D0E2F92121FA54C0086E931 /* CodePad */ = {
			isa = PBXNativeTarget;
			buildConfigurationList = 1D0E2FB4121FA54C0086E931 /* Build configuration list for PBXNativeTarget "CodePad" */;
			buildPhases = (
				1D0E2F8F121FA54C0086E931 /* Sources */,
				1D0E2F90121FA54C0086E931 /* Frameworks */,
				1D0E2F91121FA54C0086E931 /* Resources */,
			);
			buildRules = (
			);
			dependencies = (
			);
			name = CodePad;
			productName = CodePad;
			productReference = 1D0E2F93121FA54C0086E931 /* CodePad.app */;
			productType = "com.apple.product-type.application";
		};
/* End PBXNativeTarget section */

/* Begin PBXProject section */
		1D0E2F86121FA54A0086E931 /* Project object */ = {
			isa = PBXProject;
			buildConfigurationList = 1D0E2F89121FA54A0086E931 /* Build configuration list for PBXProject "CodePad" */;
			compatibilityVersion = "Xcode 3.2";
			developmentRegion = English;
			hasScannedForEncodings = 0;
			knownRegions = (
				en,
			);
			mainGroup = 1D0E2F84121FA54A0086E931;
			productRefGroup = 1D0E2F94121FA54C0086E931 /* Products */;
			projectDirPath = "";
			projectRoot = "";
			targets = (
				1D0E2F92121FA54C0086E931 /* CodePad */,
			);
		};
/* End PBXProject section */

/* Begin PBXResourcesBuildPhase section */
		1D0E2F91121FA54C0086E931 /* Resources */ = {
			isa = PBXResourcesBuildPhase;
			buildActionMask = 2147483647;
			files = (
				1D0E2FA0121FA54C0086E931 /* InfoPlist.strings in Resources */,
				1D0E2FA8121FA54C0086E931 /* MainWindow.xib in Resources */,
				1D0E2FAE121FA54C0086E931 /* DetailView.xib in Resources */,
			);
			runOnlyForDeploymentPostprocessing = 0;
		};
/* End PBXResourcesBuildPhase section */

/* Begin PBXSourcesBuildPhase section */
		1D0E2F8F121FA54C0086E931 /* Sources */ = {
			isa = PBXSourcesBuildPhase;
			buildActionMask = 2147483647;
			files = (
				1D0E2FA2121FA54C0086E931 /* main.m in Sources */,
				1D0E2FA5121FA54C0086E931 /* CodePadAppDelegate.m in Sources */,
				1D0E2FAB121FA54C0086E931 /* DetailViewController.m in Sources */,
				1D0E2FB1121FA54C0086E931 /* RootViewController.m in Sources */,
			);
			runOnlyForDeploymentPostprocessing = 0;
		};
/* End PBXSourcesBuildPhase section */

/* Begin PBXVariantGroup section */
		1D0E2F9E121FA54C0086E931 /* InfoPlist.strings */ = {
			isa = PBXVariantGroup;
			children = (
				1D0E2F9F121FA54C0086E931 /* en */,
			);
			name = InfoPlist.strings;
			sourceTree = "<group>";
		};
		1D0E2FA6121FA54C0086E931 /* MainWindow.xib */ = {
			isa = PBXVariantGroup;
			children = (
				1D0E2FA7121FA54C0086E931 /* en */,
			);
			name = MainWindow.xib;
			sourceTree = "<group>";
		};
		1D0E2FAC121FA54C0086E931 /* DetailView.xib */ = {
			isa = PBXVariantGroup;
			children = (
				1D0E2FAD121FA54C0086E931 /* en */,
			);
			name = DetailView.xib;
			sourceTree = "<group>";
		};
/* End PBXVariantGroup section */

/* Begin XCBuildConfiguration section */
		1D0E2FB2121FA54C0086E931 /* Debug */ = {
			isa = XCBuildConfiguration;
			buildSettings = {
				ARCHS = "$(ARCHS_UNIVERSAL_IPHONE_OS)";
				"CODE_SIGN_IDENTITY[sdk=iphoneos*]" = "iPhone Developer";
				GCC_C_LANGUAGE_STANDARD = gnu99;
				GCC_OPTIMIZATION_LEVEL = 0;
				GCC_PREPROCESSOR_DEFINITIONS = DEBUG;
				GCC_WARN_ABOUT_RETURN_TYPE = YES;
				GCC_WARN_UNUSED_VARIABLE = YES;
				PREBINDING = NO;
				SDKROOT = iphoneos3.2;
				TARGETED_DEVICE_FAMILY = 2;
			};
			name = Debug;
		};
		1D0E2FB3121FA54C0086E931 /* Release */ = {
			isa = XCBuildConfiguration;
			buildSettings = {
				ARCHS = "$(ARCHS_UNIVERSAL_IPHONE_OS)";
				"CODE_SIGN_IDENTITY[sdk=iphoneos*]" = "iPhone Developer";
				GCC_C_LANGUAGE_STANDARD = gnu99;
				GCC_WARN_ABOUT_RETURN_TYPE = YES;
				GCC_WARN_UNUSED_VARIABLE = YES;
				OTHER_CFLAGS = "-DNS_BLOCK_ASSERTIONS=1";
				PREBINDING = NO;
				SDKROOT = iphoneos3.2;
				TARGETED_DEVICE_FAMILY = 2;
			};
			name = Release;
		};
		1D0E2FB5121FA54C0086E931 /* Debug */ = {
			isa = XCBuildConfiguration;
			buildSettings = {
				ALWAYS_SEARCH_USER_PATHS = NO;
				COPY_PHASE_STRIP = NO;
				GCC_DYNAMIC_NO_PIC = NO;
				GCC_PRECOMPILE_PREFIX_HEADER = YES;
				GCC_PREFIX_HEADER = CodePad_Prefix.pch;
				INFOPLIST_FILE = "CodePad-Info.plist";
				PRODUCT_NAME = CodePad;
				WRAPPER_EXTENSION = app;
			};
			name = Debug;
		};
		1D0E2FB6121FA54C0086E931 /* Release */ = {
			isa = XCBuildConfiguration;
			buildSettings = {
				ALWAYS_SEARCH_USER_PATHS = NO;
				COPY_PHASE_STRIP = YES;
				GCC_PRECOMPILE_PREFIX_HEADER = YES;
				GCC_PREFIX_HEADER = CodePad_Prefix.pch;
				INFOPLIST_FILE = "CodePad-Info.plist";
				PRODUCT_NAME = CodePad;
				VALIDATE_PRODUCT = YES;
				WRAPPER_EXTENSION = app;
			};
			name = Release;
		};
/* End XCBuildConfiguration section */

/* Begin XCConfigurationList section */
		1D0E2F89121FA54A0086E931 /* Build configuration list for PBXProject "CodePad" */ = {
			isa = XCConfigurationList;
			buildConfigurations = (
				1D0E2FB2121FA54C0086E931 /* Debug */,
				1D0E2FB3121FA54C0086E931 /* Release */,
			);
			defaultConfigurationIsVisible = 0;
			defaultConfigurationName = Release;
		};
		1D0E2FB4121FA54C0086E931 /* Build configuration list for PBXNativeTarget "CodePad" */ = {
			isa = XCConfigurationList;
			buildConfigurations = (
				1D0E2FB5121FA54C0086E931 /* Debug */,
				1D0E2FB6121FA54C0086E931 /* Release */,
			);
			defaultConfigurationIsVisible = 0;
			defaultConfigurationName = Release;
		};
/* End XCConfigurationList section */
	};
	rootObject = 1D0E2F86121FA54A0086E931 /* Project object */;
}
